
Microsoft Visual Studio Solution File, Format Version 12.00
# Visual Studio 15
VisualStudioVersion = 15.0.28306.52
MinimumVisualStudioVersion = 10.0.40219.1
Project("{FAE04EC0-301F-11D3-BF4B-00C04F79EFBC}") = "LocalizeTest.Android", "LocalizeTest\LocalizeTest.Android\LocalizeTest.Android.csproj", "{4588499B-253C-4C00-83F9-69C8E5674608}"
EndProject
Project("{FAE04EC0-301F-11D3-BF4B-00C04F79EFBC}") = "LocalizeTest.iOS", "LocalizeTest\LocalizeTest.iOS\LocalizeTest.iOS.csproj", "{F51A24B2-D5B9-4CC7-BB9A-22D565807D65}"
EndProject
Project("{FAE04EC0-301F-11D3-BF4B-00C04F79EFBC}") = "LocalizeTest", "LocalizeTest\LocalizeTest\LocalizeTest.csproj", "{CA691334-ABA2-455B-BD18-1E49521CB90C}"
EndProject
Global
	GlobalSection(SolutionConfigurationPlatforms) = preSolution
		Ad-Hoc|Any CPU = Ad-Hoc|Any CPU
		Ad-Hoc|iPhone = Ad-Hoc|iPhone
		Ad-Hoc|iPhoneSimulator = Ad-Hoc|iPhoneSimulator
		AppStore|Any CPU = AppStore|Any CPU
		AppStore|iPhone = AppStore|iPhone
		AppStore|iPhoneSimulator = AppStore|iPhoneSimulator
		Debug|Any CPU = Debug|Any CPU
		Debug|iPhone = Debug|iPhone
		Debug|iPhoneSimulator = Debug|iPhoneSimulator
		Release|Any CPU = Release|Any CPU
		Release|iPhone = Release|iPhone
		Release|iPhoneSimulator = Release|iPhoneSimulator
	EndGlobalSection
	GlobalSection(ProjectConfigurationPlatforms) = postSolution
		{4588499B-253C-4C00-83F9-69C8E5674608}.Ad-Hoc|Any CPU.ActiveCfg = Release|Any CPU
		{4588499B-253C-4C00-83F9-69C8E5674608}.Ad-Hoc|Any CPU.Build.0 = Release|Any CPU
		{4588499B-253C-4C00-83F9-69C8E5674608}.Ad-Hoc|Any CPU.Deploy.0 = Release|Any CPU
		{4588499B-253C-4C00-83F9-69C8E5674608}.Ad-Hoc|iPhone.ActiveCfg = Release|Any CPU
		{4588499B-253C-4C00-83F9-69C8E5674608}.Ad-Hoc|iPhone.Build.0 = Release|Any CPU
		{4588499B-253C-4C00-83F9-69C8E5674608}.Ad-Hoc|iPhone.Deploy.0 = Release|Any CPU
		{4588499B-253C-4C00-83F9-69C8E5674608}.Ad-Hoc|iPhoneSimulator.ActiveCfg = Release|Any CPU
		{4588499B-253C-4C00-83F9-69C8E5674608}.Ad-Hoc|iPhoneSimulator.Build.0 = Release|Any CPU
		{4588499B-253C-4C00-83F9-69C8E5674608}.Ad-Hoc|iPhoneSimulator.Deploy.0 = Release|Any CPU
		{4588499B-253C-4C00-83F9-69C8E5674608}.AppStore|Any CPU.ActiveCfg = Release|Any CPU
		{4588499B-253C-4C00-83F9-69C8E5674608}.AppStore|Any CPU.Build.0 = Release|Any CPU
		{4588499B-253C-4C00-83F9-69C8E5674608}.AppStore|Any CPU.Deploy.0 = Release|Any CPU
		{4588499B-253C-4C00-83F9-69C8E5674608}.AppStore|iPhone.ActiveCfg = Release|Any CPU
		{4588499B-253C-4C00-83F9-69C8E5674608}.AppStore|iPhone.Build.0 = Release|Any CPU
		{4588499B-253C-4C00-83F9-69C8E5674608}.AppStore|iPhone.Deploy.0 = Release|Any CPU
		{4588499B-253C-4C00-83F9-69C8E5674608}.AppStore|iPhoneSimulator.ActiveCfg = Release|Any CPU
		{4588499B-253C-4C00-83F9-69C8E5674608}.AppStore|iPhoneSimulator.Build.0 = Release|Any CPU
		{4588499B-253C-4C00-83F9-69C8E5674608}.AppStore|iPhoneSimulator.Deploy.0 = Release|Any CPU
		{4588499B-253C-4C00-83F9-69C8E5674608}.Debug|Any CPU.ActiveCfg = Debug|Any CPU
		{4588499B-253C-4C00-83F9-69C8E5674608}.Debug|Any CPU.Build.0 = Debug|Any CPU
		{4588499B-253C-4C00-83F9-69C8E5674608}.Debug|Any CPU.Deploy.0 = Debug|Any CPU
		{4588499B-253C-4C00-83F9-69C8E5674608}.Debug|iPhone.ActiveCfg = Debug|Any CPU
		{4588499B-253C-4C00-83F9-69C8E5674608}.Debug|iPhone.Build.0 = Debug|Any CPU
		{4588499B-253C-4C00-83F9-69C8E5674608}.Debug|iPhone.Deploy.0 = Debug|Any CPU
		{4588499B-253C-4C00-83F9-69C8E5674608}.Debug|iPhoneSimulator.ActiveCfg = Debug|Any CPU
		{4588499B-253C-4C00-83F9-69C8E5674608}.Debug|iPhoneSimulator.Build.0 = Debug|Any CPU
		{4588499B-253C-4C00-83F9-69C8E5674608}.Debug|iPhoneSimulator.Deploy.0 = Debug|Any CPU
		{4588499B-253C-4C00-83F9-69C8E5674608}.Release|Any CPU.ActiveCfg = Release|Any CPU
		{4588499B-253C-4C00-83F9-69C8E5674608}.Release|Any CPU.Build.0 = Release|Any CPU
		{4588499B-253C-4C00-83F9-69C8E5674608}.Release|Any CPU.Deploy.0 = Release|Any CPU
		{4588499B-253C-4C00-83F9-69C8E5674608}.Release|iPhone.ActiveCfg = Release|Any CPU
		{4588499B-253C-4C00-83F9-69C8E5674608}.Release|iPhone.Build.0 = Release|Any CPU
		{4588499B-253C-4C00-83F9-69C8E5674608}.Release|iPhone.Deploy.0 = Release|Any CPU
		{4588499B-253C-4C00-83F9-69C8E5674608}.Release|iPhoneSimulator.ActiveCfg = Release|Any CPU
		{4588499B-253C-4C00-83F9-69C8E5674608}.Release|iPhoneSimulator.Build.0 = Release|Any CPU
		{4588499B-253C-4C00-83F9-69C8E5674608}.Release|iPhoneSimulator.Deploy.0 = Release|Any CPU
		{F51A24B2-D5B9-4CC7-BB9A-22D565807D65}.Ad-Hoc|Any CPU.ActiveCfg = Ad-Hoc|iPhone
		{F51A24B2-D5B9-4CC7-BB9A-22D565807D65}.Ad-Hoc|Any CPU.Build.0 = Ad-Hoc|iPhone
		{F51A24B2-D5B9-4CC7-BB9A-22D565807D65}.Ad-Hoc|Any CPU.Deploy.0 = Ad-Hoc|iPhone
		{F51A24B2-D5B9-4CC7-BB9A-22D565807D65}.Ad-Hoc|iPhone.ActiveCfg = Ad-Hoc|iPhone
		{F51A24B2-D5B9-4CC7-BB9A-22D565807D65}.Ad-Hoc|iPhone.Build.0 = Ad-Hoc|iPhone
		{F51A24B2-D5B9-4CC7-BB9A-22D565807D65}.Ad-Hoc|iPhone.Deploy.0 = Ad-Hoc|iPhone
		{F51A24B2-D5B9-4CC7-BB9A-22D565807D65}.Ad-Hoc|iPhoneSimulator.ActiveCfg = Ad-Hoc|iPhoneSimulator
		{F51A24B2-D5B9-4CC7-BB9A-22D565807D65}.Ad-Hoc|iPhoneSimulator.Build.0 = Ad-Hoc|iPhoneSimulator
		{F51A24B2-D5B9-4CC7-BB9A-22D565807D65}.Ad-Hoc|iPhoneSimulator.Deploy.0 = Ad-Hoc|iPhoneSimulator
		{F51A24B2-D5B9-4CC7-BB9A-22D565807D65}.AppStore|Any CPU.ActiveCfg = AppStore|iPhone
		{F51A24B2-D5B9-4CC7-BB9A-22D565807D65}.AppStore|Any CPU.Build.0 = AppStore|iPhone
		{F51A24B2-D5B9-4CC7-BB9A-22D565807D65}.AppStore|Any CPU.Deploy.0 = AppStore|iPhone
		{F51A24B2-D5B9-4CC7-BB9A-22D565807D65}.AppStore|iPhone.ActiveCfg = AppStore|iPhone
		{F51A24B2-D5B9-4CC7-BB9A-22D565807D65}.AppStore|iPhone.Build.0 = AppStore|iPhone
		{F51A24B2-D5B9-4CC7-BB9A-22D565807D65}.AppStore|iPhone.Deploy.0 = AppStore|iPhone
		{F51A24B2-D5B9-4CC7-BB9A-22D565807D65}.AppStore|iPhoneSimulator.ActiveCfg = AppStore|iPhoneSimulator
		{F51A24B2-D5B9-4CC7-BB9A-22D565807D65}.AppStore|iPhoneSimulator.Build.0 = AppStore|iPhoneSimulator
		{F51A24B2-D5B9-4CC7-BB9A-22D565807D65}.AppStore|iPhoneSimulator.Deploy.0 = AppStore|iPhoneSimulator
		{F51A24B2-D5B9-4CC7-BB9A-22D565807D65}.Debug|Any CPU.ActiveCfg = Debug|iPhoneSimulator
		{F51A24B2-D5B9-4CC7-BB9A-22D565807D65}.Debug|Any CPU.Build.0 = Debug|iPhoneSimulator
		{F51A24B2-D5B9-4CC7-BB9A-22D565807D65}.Debug|Any CPU.Deploy.0 = Debug|iPhoneSimulator
		{F51A24B2-D5B9-4CC7-BB9A-22D565807D65}.Debug|iPhone.ActiveCfg = Debug|iPhone
		{F51A24B2-D5B9-4CC7-BB9A-22D565807D65}.Debug|iPhone.Build.0 = Debug|iPhone
		{F51A24B2-D5B9-4CC7-BB9A-22D565807D65}.Debug|iPhone.Deploy.0 = Debug|iPhone
		{F51A24B2-D5B9-4CC7-BB9A-22D565807D65}.Debug|iPhoneSimulator.ActiveCfg = Debug|iPhoneSimulator
		{F51A24B2-D5B9-4CC7-BB9A-22D565807D65}.Debug|iPhoneSimulator.Build.0 = Debug|iPhoneSimulator
		{F51A24B2-D5B9-4CC7-BB9A-22D565807D65}.Debug|iPhoneSimulator.Deploy.0 = Debug|iPhoneSimulator
		{F51A24B2-D5B9-4CC7-BB9A-22D565807D65}.Release|Any CPU.ActiveCfg = Release|iPhone
		{F51A24B2-D5B9-4CC7-BB9A-22D565807D65}.Release|Any CPU.Build.0 = Release|iPhone
		{F51A24B2-D5B9-4CC7-BB9A-22D565807D65}.Release|Any CPU.Deploy.0 = Release|iPhone
		{F51A24B2-D5B9-4CC7-BB9A-22D565807D65}.Release|iPhone.ActiveCfg = Release|iPhone
		{F51A24B2-D5B9-4CC7-BB9A-22D565807D65}.Release|iPhone.Build.0 = Release|iPhone
		{F51A24B2-D5B9-4CC7-BB9A-22D565807D65}.Release|iPhone.Deploy.0 = Release|iPhone
		{F51A24B2-D5B9-4CC7-BB9A-22D565807D65}.Release|iPhoneSimulator.ActiveCfg = Release|iPhoneSimulator
		{F51A24B2-D5B9-4CC7-BB9A-22D565807D65}.Release|iPhoneSimulator.Build.0 = Release|iPhoneSimulator
		{F51A24B2-D5B9-4CC7-BB9A-22D565807D65}.Release|iPhoneSimulator.Deploy.0 = Release|iPhoneSimulator
		{CA691334-ABA2-455B-BD18-1E49521CB90C}.Ad-Hoc|Any CPU.ActiveCfg = Debug|Any CPU
		{CA691334-ABA2-455B-BD18-1E49521CB90C}.Ad-Hoc|Any CPU.Build.0 = Debug|Any CPU
		{CA691334-ABA2-455B-BD18-1E49521CB90C}.Ad-Hoc|Any CPU.Deploy.0 = Debug|Any CPU
		{CA691334-ABA2-455B-BD18-1E49521CB90C}.Ad-Hoc|iPhone.ActiveCfg = Debug|Any CPU
		{CA691334-ABA2-455B-BD18-1E49521CB90C}.Ad-Hoc|iPhone.Build.0 = Debug|Any CPU
		{CA691334-ABA2-455B-BD18-1E49521CB90C}.Ad-Hoc|iPhone.Deploy.0 = Debug|Any CPU
		{CA691334-ABA2-455B-BD18-1E49521CB90C}.Ad-Hoc|iPhoneSimulator.ActiveCfg = Debug|Any CPU
		{CA691334-ABA2-455B-BD18-1E49521CB90C}.Ad-Hoc|iPhoneSimulator.Build.0 = Debug|Any CPU
		{CA691334-ABA2-455B-BD18-1E49521CB90C}.Ad-Hoc|iPhoneSimulator.Deploy.0 = Debug|Any CPU
		{CA691334-ABA2-455B-BD18-1E49521CB90C}.AppStore|Any CPU.ActiveCfg = Debug|Any CPU
		{CA691334-ABA2-455B-BD18-1E49521CB90C}.AppStore|Any CPU.Build.0 = Debug|Any CPU
		{CA691334-ABA2-455B-BD18-1E49521CB90C}.AppStore|Any CPU.Deploy.0 = Debug|Any CPU
		{CA691334-ABA2-455B-BD18-1E49521CB90C}.AppStore|iPhone.ActiveCfg = Debug|Any CPU
		{CA691334-ABA2-455B-BD18-1E49521CB90C}.AppStore|iPhone.Build.0 = Debug|Any CPU
		{CA691334-ABA2-455B-BD18-1E49521CB90C}.AppStore|iPhone.Deploy.0 = Debug|Any CPU
		{CA691334-ABA2-455B-BD18-1E49521CB90C}.AppStore|iPhoneSimulator.ActiveCfg = Debug|Any CPU
		{CA691334-ABA2-455B-BD18-1E49521CB90C}.AppStore|iPhoneSimulator.Build.0 = Debug|Any CPU
		{CA691334-ABA2-455B-BD18-1E49521CB90C}.AppStore|iPhoneSimulator.Deploy.0 = Debug|Any CPU
		{CA691334-ABA2-455B-BD18-1E49521CB90C}.Debug|Any CPU.ActiveCfg = Debug|Any CPU
		{CA691334-ABA2-455B-BD18-1E49521CB90C}.Debug|Any CPU.Build.0 = Debug|Any CPU
		{CA691334-ABA2-455B-BD18-1E49521CB90C}.Debug|Any CPU.Deploy.0 = Debug|Any CPU
		{CA691334-ABA2-455B-BD18-1E49521CB90C}.Debug|iPhone.ActiveCfg = Debug|Any CPU
		{CA691334-ABA2-455B-BD18-1E49521CB90C}.Debug|iPhone.Build.0 = Debug|Any CPU
		{CA691334-ABA2-455B-BD18-1E49521CB90C}.Debug|iPhone.Deploy.0 = Debug|Any CPU
		{CA691334-ABA2-455B-BD18-1E49521CB90C}.Debug|iPhoneSimulator.ActiveCfg = Debug|Any CPU
		{CA691334-ABA2-455B-BD18-1E49521CB90C}.Debug|iPhoneSimulator.Build.0 = Debug|Any CPU
		{CA691334-ABA2-455B-BD18-1E49521CB90C}.Debug|iPhoneSimulator.Deploy.0 = Debug|Any CPU
		{CA691334-ABA2-455B-BD18-1E49521CB90C}.Release|Any CPU.ActiveCfg = Release|Any CPU
		{CA691334-ABA2-455B-BD18-1E49521CB90C}.Release|Any CPU.Build.0 = Release|Any CPU
		{CA691334-ABA2-455B-BD18-1E49521CB90C}.Release|Any CPU.Deploy.0 = Release|Any CPU
		{CA691334-ABA2-455B-BD18-1E49521CB90C}.Release|iPhone.ActiveCfg = Release|Any CPU
		{CA691334-ABA2-455B-BD18-1E49521CB90C}.Release|iPhone.Build.0 = Release|Any CPU
		{CA691334-ABA2-455B-BD18-1E49521CB90C}.Release|iPhone.Deploy.0 = Release|Any CPU
		{CA691334-ABA2-455B-BD18-1E49521CB90C}.Release|iPhoneSimulator.ActiveCfg = Release|Any CPU
		{CA691334-ABA2-455B-BD18-1E49521CB90C}.Release|iPhoneSimulator.Build.0 = Release|Any CPU
		{CA691334-ABA2-455B-BD18-1E49521CB90C}.Release|iPhoneSimulator.Deploy.0 = Release|Any CPU
	EndGlobalSection
	GlobalSection(SolutionProperties) = preSolution
		HideSolutionNode = FALSE
	EndGlobalSection
	GlobalSection(ExtensibilityGlobals) = postSolution
		SolutionGuid = {2189FA8D-60BE-4EE4-83E1-050E457CE3E3}
	EndGlobalSection
EndGlobal
